
Microsoft Visual Studio Solution File, Format Version 12.00
# Visual Studio Version 16
VisualStudioVersion = 16.0.31005.135
MinimumVisualStudioVersion = 10.0.40219.1
Project("{FAE04EC0-301F-11D3-BF4B-00C04F79EFBC}") = "GameProject", "GameProject\GameProject.csproj", "{F8E1F181-2DDA-49AA-96B2-275A7A9FFF0D}"
EndProject
Global
	GlobalSection(SolutionConfigurationPlatforms) = preSolution
		Debug|Any CPU = Debug|Any CPU
		Release|Any CPU = Release|Any CPU
	EndGlobalSection
	GlobalSection(ProjectConfigurationPlatforms) = postSolution
		{F8E1F181-2DDA-49AA-96B2-275A7A9FFF0D}.Debug|Any CPU.ActiveCfg = Debug|Any CPU
		{F8E1F181-2DDA-49AA-96B2-275A7A9FFF0D}.Debug|Any CPU.Build.0 = Debug|Any CPU
		{F8E1F181-2DDA-49AA-96B2-275A7A9FFF0D}.Release|Any CPU.ActiveCfg = Release|Any CPU
		{F8E1F181-2DDA-49AA-96B2-275A7A9FFF0D}.Release|Any CPU.Build.0 = Release|Any CPU
	EndGlobalSection
	GlobalSection(SolutionProperties) = preSolution
		HideSolutionNode = FALSE
	EndGlobalSection
	GlobalSection(ExtensibilityGlobals) = postSolution
		SolutionGuid = {35DF54ED-8ACB-4CCB-8145-9839C7F773D5}
	EndGlobalSection
EndGlobal
